// !$*UTF8*$!
{
	archiveVersion = 1;
	classes = {
	};
	objectVersion = 50;
	objects = {

/* Begin PBXBuildFile section */
		391DF4FC266ADB9E00004CBF /* BooksListPresenterTests.swift in Sources */ = {isa = PBXBuildFile; fileRef = 391DF4FB266ADB9E00004CBF /* BooksListPresenterTests.swift */; };
		391DF4FE266AF78000004CBF /* UserDefaultsWorker.swift in Sources */ = {isa = PBXBuildFile; fileRef = 391DF4FD266AF78000004CBF /* UserDefaultsWorker.swift */; };
		391DF502266B252D00004CBF /* BookDetailViewController.xib in Resources */ = {isa = PBXBuildFile; fileRef = 391DF501266B252D00004CBF /* BookDetailViewController.xib */; };
		391DF504266B2B5300004CBF /* BookDetailViewController.swift in Sources */ = {isa = PBXBuildFile; fileRef = 391DF503266B2B5300004CBF /* BookDetailViewController.swift */; };
		391DF506266C049A00004CBF /* TitleTableViewCell.xib in Resources */ = {isa = PBXBuildFile; fileRef = 391DF505266C049A00004CBF /* TitleTableViewCell.xib */; };
		391DF50A266C04D400004CBF /* KeyValueTableViewCell.xib in Resources */ = {isa = PBXBuildFile; fileRef = 391DF509266C04D400004CBF /* KeyValueTableViewCell.xib */; };
		391DF50C266C050400004CBF /* TitleTableViewCell.swift in Sources */ = {isa = PBXBuildFile; fileRef = 391DF50B266C050400004CBF /* TitleTableViewCell.swift */; };
		391DF510266C094900004CBF /* KeyValueTableViewCell.swift in Sources */ = {isa = PBXBuildFile; fileRef = 391DF50F266C094900004CBF /* KeyValueTableViewCell.swift */; };
		391DF512266C221C00004CBF /* SubtitleTableViewCell.xib in Resources */ = {isa = PBXBuildFile; fileRef = 391DF511266C221C00004CBF /* SubtitleTableViewCell.xib */; };
		391DF514266C227300004CBF /* SubtitleTableViewCell.swift in Sources */ = {isa = PBXBuildFile; fileRef = 391DF513266C227300004CBF /* SubtitleTableViewCell.swift */; };
		391DF516266C27E000004CBF /* BookDetailInteractor.swift in Sources */ = {isa = PBXBuildFile; fileRef = 391DF515266C27E000004CBF /* BookDetailInteractor.swift */; };
		391DF518266C281D00004CBF /* BookDetailPresenter.swift in Sources */ = {isa = PBXBuildFile; fileRef = 391DF517266C281D00004CBF /* BookDetailPresenter.swift */; };
		391DF51A266C361300004CBF /* BookDetailDefinitions.swift in Sources */ = {isa = PBXBuildFile; fileRef = 391DF519266C361300004CBF /* BookDetailDefinitions.swift */; };
		391DF51C266C5F4B00004CBF /* BookDetailFactory.swift in Sources */ = {isa = PBXBuildFile; fileRef = 391DF51B266C5F4B00004CBF /* BookDetailFactory.swift */; };
		391DF51E266C802000004CBF /* Sequence+Extension.swift in Sources */ = {isa = PBXBuildFile; fileRef = 391DF51D266C802000004CBF /* Sequence+Extension.swift */; };
		391DF521266D88EE00004CBF /* BookDetailInteractorTests.swift in Sources */ = {isa = PBXBuildFile; fileRef = 391DF520266D88EE00004CBF /* BookDetailInteractorTests.swift */; };
		391DF523266D8A0F00004CBF /* BookDetailPresenterTests.swift in Sources */ = {isa = PBXBuildFile; fileRef = 391DF522266D8A0F00004CBF /* BookDetailPresenterTests.swift */; };
		3920D80426672E2600915B7E /* AppRouter.swift in Sources */ = {isa = PBXBuildFile; fileRef = 3920D80326672E2600915B7E /* AppRouter.swift */; };
		3920D80D26672F3E00915B7E /* BooksListFactory.swift in Sources */ = {isa = PBXBuildFile; fileRef = 3920D80C26672F3E00915B7E /* BooksListFactory.swift */; };
		39B1D566266941F600EA0C01 /* BooksListPresenter.swift in Sources */ = {isa = PBXBuildFile; fileRef = 39B1D565266941F600EA0C01 /* BooksListPresenter.swift */; };
		39B1D5682669420900EA0C01 /* BooksListInteractor.swift in Sources */ = {isa = PBXBuildFile; fileRef = 39B1D5672669420900EA0C01 /* BooksListInteractor.swift */; };
		39B1D56A2669422D00EA0C01 /* BooksListViewController.swift in Sources */ = {isa = PBXBuildFile; fileRef = 39B1D5692669422D00EA0C01 /* BooksListViewController.swift */; };
		39B1D56D2669427700EA0C01 /* BaseViewController.swift in Sources */ = {isa = PBXBuildFile; fileRef = 39B1D56C2669427700EA0C01 /* BaseViewController.swift */; };
		39B1D570266945AF00EA0C01 /* BooksListViewController.xib in Resources */ = {isa = PBXBuildFile; fileRef = 39B1D56F266945AF00EA0C01 /* BooksListViewController.xib */; };
		39B1D572266946FE00EA0C01 /* BooksListItemCollectionViewCell.xib in Resources */ = {isa = PBXBuildFile; fileRef = 39B1D571266946FE00EA0C01 /* BooksListItemCollectionViewCell.xib */; };
		39B1D5742669888C00EA0C01 /* BooksListItemCollectionViewCell.swift in Sources */ = {isa = PBXBuildFile; fileRef = 39B1D5732669888C00EA0C01 /* BooksListItemCollectionViewCell.swift */; };
		39B1D5762669A02A00EA0C01 /* ImageDownloader.swift in Sources */ = {isa = PBXBuildFile; fileRef = 39B1D5752669A02A00EA0C01 /* ImageDownloader.swift */; };
		39B1D5782669A07D00EA0C01 /* UIImageView+Extension.swift in Sources */ = {isa = PBXBuildFile; fileRef = 39B1D5772669A07D00EA0C01 /* UIImageView+Extension.swift */; };
		39B1D57A266AA66000EA0C01 /* BooksListDefinitions.swift in Sources */ = {isa = PBXBuildFile; fileRef = 39B1D579266AA66000EA0C01 /* BooksListDefinitions.swift */; };
		39CB0BA32661E626009EEE53 /* AppDelegate.swift in Sources */ = {isa = PBXBuildFile; fileRef = 39CB0BA22661E626009EEE53 /* AppDelegate.swift */; };
		39CB0BAC2661E628009EEE53 /* Assets.xcassets in Resources */ = {isa = PBXBuildFile; fileRef = 39CB0BAB2661E628009EEE53 /* Assets.xcassets */; };
		39CB0BAF2661E628009EEE53 /* LaunchScreen.storyboard in Resources */ = {isa = PBXBuildFile; fileRef = 39CB0BAD2661E628009EEE53 /* LaunchScreen.storyboard */; };
		39CB0BBA2661E628009EEE53 /* BooksListInteractorTests.swift in Sources */ = {isa = PBXBuildFile; fileRef = 39CB0BB92661E628009EEE53 /* BooksListInteractorTests.swift */; };
		39CB0BC52661E628009EEE53 /* BookStore_ThiagoSantiagoUITests.swift in Sources */ = {isa = PBXBuildFile; fileRef = 39CB0BC42661E628009EEE53 /* BookStore_ThiagoSantiagoUITests.swift */; };
		39CB0BD52661E8B4009EEE53 /* BookStoreApiSetupProtocol.swift in Sources */ = {isa = PBXBuildFile; fileRef = 39CB0BD42661E8B4009EEE53 /* BookStoreApiSetupProtocol.swift */; };
		39CB0BD72661E8F2009EEE53 /* BookStoreApiError.swift in Sources */ = {isa = PBXBuildFile; fileRef = 39CB0BD62661E8F2009EEE53 /* BookStoreApiError.swift */; };
		39CB0BD92661E964009EEE53 /* BookStoreApiRequest.swift in Sources */ = {isa = PBXBuildFile; fileRef = 39CB0BD82661E964009EEE53 /* BookStoreApiRequest.swift */; };
		39CB0BDC2661F0BF009EEE53 /* BookListApiServiceSetup.swift in Sources */ = {isa = PBXBuildFile; fileRef = 39CB0BDB2661F0BF009EEE53 /* BookListApiServiceSetup.swift */; };
		39CB0BDE2662B529009EEE53 /* BookListWorker.swift in Sources */ = {isa = PBXBuildFile; fileRef = 39CB0BDD2662B529009EEE53 /* BookListWorker.swift */; };
		39CB0BE12662B711009EEE53 /* BooksList.swift in Sources */ = {isa = PBXBuildFile; fileRef = 39CB0BE02662B711009EEE53 /* BooksList.swift */; };
/* End PBXBuildFile section */

/* Begin PBXContainerItemProxy section */
		39CB0BB62661E628009EEE53 /* PBXContainerItemProxy */ = {
			isa = PBXContainerItemProxy;
			containerPortal = 39CB0B972661E626009EEE53 /* Project object */;
			proxyType = 1;
			remoteGlobalIDString = 39CB0B9E2661E626009EEE53;
			remoteInfo = BookStore_ThiagoSantiago;
		};
		39CB0BC12661E628009EEE53 /* PBXContainerItemProxy */ = {
			isa = PBXContainerItemProxy;
			containerPortal = 39CB0B972661E626009EEE53 /* Project object */;
			proxyType = 1;
			remoteGlobalIDString = 39CB0B9E2661E626009EEE53;
			remoteInfo = BookStore_ThiagoSantiago;
		};
/* End PBXContainerItemProxy section */

/* Begin PBXFileReference section */
		391DF4FB266ADB9E00004CBF /* BooksListPresenterTests.swift */ = {isa = PBXFileReference; lastKnownFileType = sourcecode.swift; path = BooksListPresenterTests.swift; sourceTree = "<group>"; };
		391DF4FD266AF78000004CBF /* UserDefaultsWorker.swift */ = {isa = PBXFileReference; lastKnownFileType = sourcecode.swift; path = UserDefaultsWorker.swift; sourceTree = "<group>"; };
		391DF501266B252D00004CBF /* BookDetailViewController.xib */ = {isa = PBXFileReference; lastKnownFileType = file.xib; path = BookDetailViewController.xib; sourceTree = "<group>"; };
		391DF503266B2B5300004CBF /* BookDetailViewController.swift */ = {isa = PBXFileReference; lastKnownFileType = sourcecode.swift; path = BookDetailViewController.swift; sourceTree = "<group>"; };
		391DF505266C049A00004CBF /* TitleTableViewCell.xib */ = {isa = PBXFileReference; lastKnownFileType = file.xib; path = TitleTableViewCell.xib; sourceTree = "<group>"; };
		391DF509266C04D400004CBF /* KeyValueTableViewCell.xib */ = {isa = PBXFileReference; lastKnownFileType = file.xib; path = KeyValueTableViewCell.xib; sourceTree = "<group>"; };
		391DF50B266C050400004CBF /* TitleTableViewCell.swift */ = {isa = PBXFileReference; lastKnownFileType = sourcecode.swift; path = TitleTableViewCell.swift; sourceTree = "<group>"; };
		391DF50F266C094900004CBF /* KeyValueTableViewCell.swift */ = {isa = PBXFileReference; lastKnownFileType = sourcecode.swift; path = KeyValueTableViewCell.swift; sourceTree = "<group>"; };
		391DF511266C221C00004CBF /* SubtitleTableViewCell.xib */ = {isa = PBXFileReference; lastKnownFileType = file.xib; path = SubtitleTableViewCell.xib; sourceTree = "<group>"; };
		391DF513266C227300004CBF /* SubtitleTableViewCell.swift */ = {isa = PBXFileReference; lastKnownFileType = sourcecode.swift; path = SubtitleTableViewCell.swift; sourceTree = "<group>"; };
		391DF515266C27E000004CBF /* BookDetailInteractor.swift */ = {isa = PBXFileReference; lastKnownFileType = sourcecode.swift; path = BookDetailInteractor.swift; sourceTree = "<group>"; };
		391DF517266C281D00004CBF /* BookDetailPresenter.swift */ = {isa = PBXFileReference; lastKnownFileType = sourcecode.swift; path = BookDetailPresenter.swift; sourceTree = "<group>"; };
		391DF519266C361300004CBF /* BookDetailDefinitions.swift */ = {isa = PBXFileReference; lastKnownFileType = sourcecode.swift; path = BookDetailDefinitions.swift; sourceTree = "<group>"; };
		391DF51B266C5F4B00004CBF /* BookDetailFactory.swift */ = {isa = PBXFileReference; lastKnownFileType = sourcecode.swift; path = BookDetailFactory.swift; sourceTree = "<group>"; };
		391DF51D266C802000004CBF /* Sequence+Extension.swift */ = {isa = PBXFileReference; lastKnownFileType = sourcecode.swift; path = "Sequence+Extension.swift"; sourceTree = "<group>"; };
		391DF520266D88EE00004CBF /* BookDetailInteractorTests.swift */ = {isa = PBXFileReference; lastKnownFileType = sourcecode.swift; path = BookDetailInteractorTests.swift; sourceTree = "<group>"; };
		391DF522266D8A0F00004CBF /* BookDetailPresenterTests.swift */ = {isa = PBXFileReference; lastKnownFileType = sourcecode.swift; path = BookDetailPresenterTests.swift; sourceTree = "<group>"; };
		3920D80326672E2600915B7E /* AppRouter.swift */ = {isa = PBXFileReference; lastKnownFileType = sourcecode.swift; path = AppRouter.swift; sourceTree = "<group>"; };
		3920D80C26672F3E00915B7E /* BooksListFactory.swift */ = {isa = PBXFileReference; lastKnownFileType = sourcecode.swift; path = BooksListFactory.swift; sourceTree = "<group>"; };
		39B1D565266941F600EA0C01 /* BooksListPresenter.swift */ = {isa = PBXFileReference; lastKnownFileType = sourcecode.swift; path = BooksListPresenter.swift; sourceTree = "<group>"; };
		39B1D5672669420900EA0C01 /* BooksListInteractor.swift */ = {isa = PBXFileReference; lastKnownFileType = sourcecode.swift; path = BooksListInteractor.swift; sourceTree = "<group>"; };
		39B1D5692669422D00EA0C01 /* BooksListViewController.swift */ = {isa = PBXFileReference; lastKnownFileType = sourcecode.swift; path = BooksListViewController.swift; sourceTree = "<group>"; };
		39B1D56C2669427700EA0C01 /* BaseViewController.swift */ = {isa = PBXFileReference; lastKnownFileType = sourcecode.swift; path = BaseViewController.swift; sourceTree = "<group>"; };
		39B1D56F266945AF00EA0C01 /* BooksListViewController.xib */ = {isa = PBXFileReference; lastKnownFileType = file.xib; path = BooksListViewController.xib; sourceTree = "<group>"; };
		39B1D571266946FE00EA0C01 /* BooksListItemCollectionViewCell.xib */ = {isa = PBXFileReference; lastKnownFileType = file.xib; path = BooksListItemCollectionViewCell.xib; sourceTree = "<group>"; };
		39B1D5732669888C00EA0C01 /* BooksListItemCollectionViewCell.swift */ = {isa = PBXFileReference; lastKnownFileType = sourcecode.swift; path = BooksListItemCollectionViewCell.swift; sourceTree = "<group>"; };
		39B1D5752669A02A00EA0C01 /* ImageDownloader.swift */ = {isa = PBXFileReference; lastKnownFileType = sourcecode.swift; path = ImageDownloader.swift; sourceTree = "<group>"; };
		39B1D5772669A07D00EA0C01 /* UIImageView+Extension.swift */ = {isa = PBXFileReference; lastKnownFileType = sourcecode.swift; path = "UIImageView+Extension.swift"; sourceTree = "<group>"; };
		39B1D579266AA66000EA0C01 /* BooksListDefinitions.swift */ = {isa = PBXFileReference; lastKnownFileType = sourcecode.swift; path = BooksListDefinitions.swift; sourceTree = "<group>"; };
		39CB0B9F2661E626009EEE53 /* BookStore_ThiagoSantiago.app */ = {isa = PBXFileReference; explicitFileType = wrapper.application; includeInIndex = 0; path = BookStore_ThiagoSantiago.app; sourceTree = BUILT_PRODUCTS_DIR; };
		39CB0BA22661E626009EEE53 /* AppDelegate.swift */ = {isa = PBXFileReference; lastKnownFileType = sourcecode.swift; path = AppDelegate.swift; sourceTree = "<group>"; };
		39CB0BAB2661E628009EEE53 /* Assets.xcassets */ = {isa = PBXFileReference; lastKnownFileType = folder.assetcatalog; path = Assets.xcassets; sourceTree = "<group>"; };
		39CB0BAE2661E628009EEE53 /* Base */ = {isa = PBXFileReference; lastKnownFileType = file.storyboard; name = Base; path = Base.lproj/LaunchScreen.storyboard; sourceTree = "<group>"; };
		39CB0BB02661E628009EEE53 /* Info.plist */ = {isa = PBXFileReference; lastKnownFileType = text.plist.xml; path = Info.plist; sourceTree = "<group>"; };
		39CB0BB52661E628009EEE53 /* BookStore_ThiagoSantiagoTests.xctest */ = {isa = PBXFileReference; explicitFileType = wrapper.cfbundle; includeInIndex = 0; path = BookStore_ThiagoSantiagoTests.xctest; sourceTree = BUILT_PRODUCTS_DIR; };
		39CB0BB92661E628009EEE53 /* BooksListInteractorTests.swift */ = {isa = PBXFileReference; lastKnownFileType = sourcecode.swift; path = BooksListInteractorTests.swift; sourceTree = "<group>"; };
		39CB0BBB2661E628009EEE53 /* Info.plist */ = {isa = PBXFileReference; lastKnownFileType = text.plist.xml; path = Info.plist; sourceTree = "<group>"; };
		39CB0BC02661E628009EEE53 /* BookStore_ThiagoSantiagoUITests.xctest */ = {isa = PBXFileReference; explicitFileType = wrapper.cfbundle; includeInIndex = 0; path = BookStore_ThiagoSantiagoUITests.xctest; sourceTree = BUILT_PRODUCTS_DIR; };
		39CB0BC42661E628009EEE53 /* BookStore_ThiagoSantiagoUITests.swift */ = {isa = PBXFileReference; lastKnownFileType = sourcecode.swift; path = BookStore_ThiagoSantiagoUITests.swift; sourceTree = "<group>"; };
		39CB0BC62661E628009EEE53 /* Info.plist */ = {isa = PBXFileReference; lastKnownFileType = text.plist.xml; path = Info.plist; sourceTree = "<group>"; };
		39CB0BD42661E8B4009EEE53 /* BookStoreApiSetupProtocol.swift */ = {isa = PBXFileReference; lastKnownFileType = sourcecode.swift; path = BookStoreApiSetupProtocol.swift; sourceTree = "<group>"; };
		39CB0BD62661E8F2009EEE53 /* BookStoreApiError.swift */ = {isa = PBXFileReference; lastKnownFileType = sourcecode.swift; path = BookStoreApiError.swift; sourceTree = "<group>"; };
		39CB0BD82661E964009EEE53 /* BookStoreApiRequest.swift */ = {isa = PBXFileReference; lastKnownFileType = sourcecode.swift; path = BookStoreApiRequest.swift; sourceTree = "<group>"; };
		39CB0BDB2661F0BF009EEE53 /* BookListApiServiceSetup.swift */ = {isa = PBXFileReference; lastKnownFileType = sourcecode.swift; path = BookListApiServiceSetup.swift; sourceTree = "<group>"; };
		39CB0BDD2662B529009EEE53 /* BookListWorker.swift */ = {isa = PBXFileReference; lastKnownFileType = sourcecode.swift; path = BookListWorker.swift; sourceTree = "<group>"; };
		39CB0BE02662B711009EEE53 /* BooksList.swift */ = {isa = PBXFileReference; lastKnownFileType = sourcecode.swift; path = BooksList.swift; sourceTree = "<group>"; };
/* End PBXFileReference section */

/* Begin PBXFrameworksBuildPhase section */
		39CB0B9C2661E626009EEE53 /* Frameworks */ = {
			isa = PBXFrameworksBuildPhase;
			buildActionMask = 2147483647;
			files = (
			);
			runOnlyForDeploymentPostprocessing = 0;
		};
		39CB0BB22661E628009EEE53 /* Frameworks */ = {
			isa = PBXFrameworksBuildPhase;
			buildActionMask = 2147483647;
			files = (
			);
			runOnlyForDeploymentPostprocessing = 0;
		};
		39CB0BBD2661E628009EEE53 /* Frameworks */ = {
			isa = PBXFrameworksBuildPhase;
			buildActionMask = 2147483647;
			files = (
			);
			runOnlyForDeploymentPostprocessing = 0;
		};
/* End PBXFrameworksBuildPhase section */

/* Begin PBXGroup section */
		391DF4F9266ADB6500004CBF /* Scenes */ = {
			isa = PBXGroup;
			children = (
				391DF51F266C81CE00004CBF /* BookDetail */,
				391DF4FA266ADB6E00004CBF /* BooksList */,
			);
			path = Scenes;
			sourceTree = "<group>";
		};
		391DF4FA266ADB6E00004CBF /* BooksList */ = {
			isa = PBXGroup;
			children = (
				39CB0BB92661E628009EEE53 /* BooksListInteractorTests.swift */,
				391DF4FB266ADB9E00004CBF /* BooksListPresenterTests.swift */,
			);
			path = BooksList;
			sourceTree = "<group>";
		};
		391DF4FF266B227A00004CBF /* BookDetail */ = {
			isa = PBXGroup;
			children = (
				391DF500266B228F00004CBF /* Views */,
				391DF503266B2B5300004CBF /* BookDetailViewController.swift */,
				391DF50B266C050400004CBF /* TitleTableViewCell.swift */,
				391DF50F266C094900004CBF /* KeyValueTableViewCell.swift */,
				391DF513266C227300004CBF /* SubtitleTableViewCell.swift */,
				391DF515266C27E000004CBF /* BookDetailInteractor.swift */,
				391DF517266C281D00004CBF /* BookDetailPresenter.swift */,
				391DF519266C361300004CBF /* BookDetailDefinitions.swift */,
			);
			path = BookDetail;
			sourceTree = "<group>";
		};
		391DF500266B228F00004CBF /* Views */ = {
			isa = PBXGroup;
			children = (
				391DF501266B252D00004CBF /* BookDetailViewController.xib */,
				391DF505266C049A00004CBF /* TitleTableViewCell.xib */,
				391DF509266C04D400004CBF /* KeyValueTableViewCell.xib */,
				391DF511266C221C00004CBF /* SubtitleTableViewCell.xib */,
			);
			path = Views;
			sourceTree = "<group>";
		};
		391DF51F266C81CE00004CBF /* BookDetail */ = {
			isa = PBXGroup;
			children = (
				391DF520266D88EE00004CBF /* BookDetailInteractorTests.swift */,
				391DF522266D8A0F00004CBF /* BookDetailPresenterTests.swift */,
			);
			path = BookDetail;
			sourceTree = "<group>";
		};
		3920D80826672E8500915B7E /* Router */ = {
			isa = PBXGroup;
			children = (
				3920D80326672E2600915B7E /* AppRouter.swift */,
				3920D80926672E8E00915B7E /* Factories */,
			);
			path = Router;
			sourceTree = "<group>";
		};
		3920D80926672E8E00915B7E /* Factories */ = {
			isa = PBXGroup;
			children = (
				3920D80C26672F3E00915B7E /* BooksListFactory.swift */,
				391DF51B266C5F4B00004CBF /* BookDetailFactory.swift */,
			);
			path = Factories;
			sourceTree = "<group>";
		};
		3920D80A26672EA800915B7E /* Scenes */ = {
			isa = PBXGroup;
			children = (
				391DF4FF266B227A00004CBF /* BookDetail */,
				3920D80B26672EB100915B7E /* BooksList */,
			);
			path = Scenes;
			sourceTree = "<group>";
		};
		3920D80B26672EB100915B7E /* BooksList */ = {
			isa = PBXGroup;
			children = (
				39B1D56E2669457500EA0C01 /* Views */,
				39B1D5672669420900EA0C01 /* BooksListInteractor.swift */,
				39B1D565266941F600EA0C01 /* BooksListPresenter.swift */,
				39B1D5692669422D00EA0C01 /* BooksListViewController.swift */,
				39B1D5732669888C00EA0C01 /* BooksListItemCollectionViewCell.swift */,
				39B1D579266AA66000EA0C01 /* BooksListDefinitions.swift */,
			);
			path = BooksList;
			sourceTree = "<group>";
		};
		39B1D56B2669426600EA0C01 /* Common */ = {
			isa = PBXGroup;
			children = (
				39B1D56C2669427700EA0C01 /* BaseViewController.swift */,
				39B1D5772669A07D00EA0C01 /* UIImageView+Extension.swift */,
				391DF51D266C802000004CBF /* Sequence+Extension.swift */,
			);
			path = Common;
			sourceTree = "<group>";
		};
		39B1D56E2669457500EA0C01 /* Views */ = {
			isa = PBXGroup;
			children = (
				39B1D56F266945AF00EA0C01 /* BooksListViewController.xib */,
				39B1D571266946FE00EA0C01 /* BooksListItemCollectionViewCell.xib */,
			);
			path = Views;
			sourceTree = "<group>";
		};
		39CB0B962661E626009EEE53 = {
			isa = PBXGroup;
			children = (
				39CB0BA12661E626009EEE53 /* BookStore_ThiagoSantiago */,
				39CB0BB82661E628009EEE53 /* BookStore_ThiagoSantiagoTests */,
				39CB0BC32661E628009EEE53 /* BookStore_ThiagoSantiagoUITests */,
				39CB0BA02661E626009EEE53 /* Products */,
			);
			sourceTree = "<group>";
		};
		39CB0BA02661E626009EEE53 /* Products */ = {
			isa = PBXGroup;
			children = (
				39CB0B9F2661E626009EEE53 /* BookStore_ThiagoSantiago.app */,
				39CB0BB52661E628009EEE53 /* BookStore_ThiagoSantiagoTests.xctest */,
				39CB0BC02661E628009EEE53 /* BookStore_ThiagoSantiagoUITests.xctest */,
			);
			name = Products;
			sourceTree = "<group>";
		};
		39CB0BA12661E626009EEE53 /* BookStore_ThiagoSantiago */ = {
			isa = PBXGroup;
			children = (
				39B1D56B2669426600EA0C01 /* Common */,
				3920D80A26672EA800915B7E /* Scenes */,
				3920D80826672E8500915B7E /* Router */,
				39CB0BD22661E76A009EEE53 /* Network */,
				39CB0BA22661E626009EEE53 /* AppDelegate.swift */,
				39CB0BAB2661E628009EEE53 /* Assets.xcassets */,
				39CB0BAD2661E628009EEE53 /* LaunchScreen.storyboard */,
				39CB0BB02661E628009EEE53 /* Info.plist */,
			);
			path = BookStore_ThiagoSantiago;
			sourceTree = "<group>";
		};
		39CB0BB82661E628009EEE53 /* BookStore_ThiagoSantiagoTests */ = {
			isa = PBXGroup;
			children = (
				391DF4F9266ADB6500004CBF /* Scenes */,
				39CB0BBB2661E628009EEE53 /* Info.plist */,
			);
			path = BookStore_ThiagoSantiagoTests;
			sourceTree = "<group>";
		};
		39CB0BC32661E628009EEE53 /* BookStore_ThiagoSantiagoUITests */ = {
			isa = PBXGroup;
			children = (
				39CB0BC42661E628009EEE53 /* BookStore_ThiagoSantiagoUITests.swift */,
				39CB0BC62661E628009EEE53 /* Info.plist */,
			);
			path = BookStore_ThiagoSantiagoUITests;
			sourceTree = "<group>";
		};
		39CB0BD22661E76A009EEE53 /* Network */ = {
			isa = PBXGroup;
			children = (
				39CB0BDF2662B6FE009EEE53 /* Models */,
				39CB0BD32661E77A009EEE53 /* Workers */,
				39CB0BD42661E8B4009EEE53 /* BookStoreApiSetupProtocol.swift */,
				39CB0BD62661E8F2009EEE53 /* BookStoreApiError.swift */,
				39CB0BD82661E964009EEE53 /* BookStoreApiRequest.swift */,
				39B1D5752669A02A00EA0C01 /* ImageDownloader.swift */,
			);
			path = Network;
			sourceTree = "<group>";
		};
		39CB0BD32661E77A009EEE53 /* Workers */ = {
			isa = PBXGroup;
			children = (
				39CB0BDA2661F09A009EEE53 /* BookList */,
				391DF4FD266AF78000004CBF /* UserDefaultsWorker.swift */,
			);
			path = Workers;
			sourceTree = "<group>";
		};
		39CB0BDA2661F09A009EEE53 /* BookList */ = {
			isa = PBXGroup;
			children = (
				39CB0BDB2661F0BF009EEE53 /* BookListApiServiceSetup.swift */,
				39CB0BDD2662B529009EEE53 /* BookListWorker.swift */,
			);
			path = BookList;
			sourceTree = "<group>";
		};
		39CB0BDF2662B6FE009EEE53 /* Models */ = {
			isa = PBXGroup;
			children = (
				39CB0BE02662B711009EEE53 /* BooksList.swift */,
			);
			path = Models;
			sourceTree = "<group>";
		};
/* End PBXGroup section */

/* Begin PBXNativeTarget section */
		39CB0B9E2661E626009EEE53 /* BookStore_ThiagoSantiago */ = {
			isa = PBXNativeTarget;
			buildConfigurationList = 39CB0BC92661E628009EEE53 /* Build configuration list for PBXNativeTarget "BookStore_ThiagoSantiago" */;
			buildPhases = (
				39CB0B9B2661E626009EEE53 /* Sources */,
				39CB0B9C2661E626009EEE53 /* Frameworks */,
				39CB0B9D2661E626009EEE53 /* Resources */,
			);
			buildRules = (
			);
			dependencies = (
			);
			name = BookStore_ThiagoSantiago;
			productName = BookStore_ThiagoSantiago;
			productReference = 39CB0B9F2661E626009EEE53 /* BookStore_ThiagoSantiago.app */;
			productType = "com.apple.product-type.application";
		};
		39CB0BB42661E628009EEE53 /* BookStore_ThiagoSantiagoTests */ = {
			isa = PBXNativeTarget;
			buildConfigurationList = 39CB0BCC2661E628009EEE53 /* Build configuration list for PBXNativeTarget "BookStore_ThiagoSantiagoTests" */;
			buildPhases = (
				39CB0BB12661E628009EEE53 /* Sources */,
				39CB0BB22661E628009EEE53 /* Frameworks */,
				39CB0BB32661E628009EEE53 /* Resources */,
			);
			buildRules = (
			);
			dependencies = (
				39CB0BB72661E628009EEE53 /* PBXTargetDependency */,
			);
			name = BookStore_ThiagoSantiagoTests;
			productName = BookStore_ThiagoSantiagoTests;
			productReference = 39CB0BB52661E628009EEE53 /* BookStore_ThiagoSantiagoTests.xctest */;
			productType = "com.apple.product-type.bundle.unit-test";
		};
		39CB0BBF2661E628009EEE53 /* BookStore_ThiagoSantiagoUITests */ = {
			isa = PBXNativeTarget;
			buildConfigurationList = 39CB0BCF2661E628009EEE53 /* Build configuration list for PBXNativeTarget "BookStore_ThiagoSantiagoUITests" */;
			buildPhases = (
				39CB0BBC2661E628009EEE53 /* Sources */,
				39CB0BBD2661E628009EEE53 /* Frameworks */,
				39CB0BBE2661E628009EEE53 /* Resources */,
			);
			buildRules = (
			);
			dependencies = (
				39CB0BC22661E628009EEE53 /* PBXTargetDependency */,
			);
			name = BookStore_ThiagoSantiagoUITests;
			productName = BookStore_ThiagoSantiagoUITests;
			productReference = 39CB0BC02661E628009EEE53 /* BookStore_ThiagoSantiagoUITests.xctest */;
			productType = "com.apple.product-type.bundle.ui-testing";
		};
/* End PBXNativeTarget section */

/* Begin PBXProject section */
		39CB0B972661E626009EEE53 /* Project object */ = {
			isa = PBXProject;
			attributes = {
				LastSwiftUpdateCheck = 1250;
				LastUpgradeCheck = 1250;
				TargetAttributes = {
					39CB0B9E2661E626009EEE53 = {
						CreatedOnToolsVersion = 12.5;
					};
					39CB0BB42661E628009EEE53 = {
						CreatedOnToolsVersion = 12.5;
						TestTargetID = 39CB0B9E2661E626009EEE53;
					};
					39CB0BBF2661E628009EEE53 = {
						CreatedOnToolsVersion = 12.5;
						TestTargetID = 39CB0B9E2661E626009EEE53;
					};
				};
			};
			buildConfigurationList = 39CB0B9A2661E626009EEE53 /* Build configuration list for PBXProject "BookStore_ThiagoSantiago" */;
			compatibilityVersion = "Xcode 9.3";
			developmentRegion = en;
			hasScannedForEncodings = 0;
			knownRegions = (
				en,
				Base,
			);
			mainGroup = 39CB0B962661E626009EEE53;
			productRefGroup = 39CB0BA02661E626009EEE53 /* Products */;
			projectDirPath = "";
			projectRoot = "";
			targets = (
				39CB0B9E2661E626009EEE53 /* BookStore_ThiagoSantiago */,
				39CB0BB42661E628009EEE53 /* BookStore_ThiagoSantiagoTests */,
				39CB0BBF2661E628009EEE53 /* BookStore_ThiagoSantiagoUITests */,
			);
		};
/* End PBXProject section */

/* Begin PBXResourcesBuildPhase section */
		39CB0B9D2661E626009EEE53 /* Resources */ = {
			isa = PBXResourcesBuildPhase;
			buildActionMask = 2147483647;
			files = (
				391DF506266C049A00004CBF /* TitleTableViewCell.xib in Resources */,
				391DF512266C221C00004CBF /* SubtitleTableViewCell.xib in Resources */,
				391DF502266B252D00004CBF /* BookDetailViewController.xib in Resources */,
				391DF50A266C04D400004CBF /* KeyValueTableViewCell.xib in Resources */,
				39B1D572266946FE00EA0C01 /* BooksListItemCollectionViewCell.xib in Resources */,
				39CB0BAF2661E628009EEE53 /* LaunchScreen.storyboard in Resources */,
				39CB0BAC2661E628009EEE53 /* Assets.xcassets in Resources */,
				39B1D570266945AF00EA0C01 /* BooksListViewController.xib in Resources */,
			);
			runOnlyForDeploymentPostprocessing = 0;
		};
		39CB0BB32661E628009EEE53 /* Resources */ = {
			isa = PBXResourcesBuildPhase;
			buildActionMask = 2147483647;
			files = (
			);
			runOnlyForDeploymentPostprocessing = 0;
		};
		39CB0BBE2661E628009EEE53 /* Resources */ = {
			isa = PBXResourcesBuildPhase;
			buildActionMask = 2147483647;
			files = (
			);
			runOnlyForDeploymentPostprocessing = 0;
		};
/* End PBXResourcesBuildPhase section */

/* Begin PBXSourcesBuildPhase section */
		39CB0B9B2661E626009EEE53 /* Sources */ = {
			isa = PBXSourcesBuildPhase;
			buildActionMask = 2147483647;
			files = (
				391DF51C266C5F4B00004CBF /* BookDetailFactory.swift in Sources */,
				391DF51A266C361300004CBF /* BookDetailDefinitions.swift in Sources */,
				391DF516266C27E000004CBF /* BookDetailInteractor.swift in Sources */,
				391DF50C266C050400004CBF /* TitleTableViewCell.swift in Sources */,
				391DF518266C281D00004CBF /* BookDetailPresenter.swift in Sources */,
				39B1D56D2669427700EA0C01 /* BaseViewController.swift in Sources */,
				39B1D5762669A02A00EA0C01 /* ImageDownloader.swift in Sources */,
				391DF510266C094900004CBF /* KeyValueTableViewCell.swift in Sources */,
				39CB0BE12662B711009EEE53 /* BooksList.swift in Sources */,
				39CB0BA32661E626009EEE53 /* AppDelegate.swift in Sources */,
				3920D80D26672F3E00915B7E /* BooksListFactory.swift in Sources */,
				39CB0BD52661E8B4009EEE53 /* BookStoreApiSetupProtocol.swift in Sources */,
				39CB0BD72661E8F2009EEE53 /* BookStoreApiError.swift in Sources */,
				39B1D56A2669422D00EA0C01 /* BooksListViewController.swift in Sources */,
				39B1D57A266AA66000EA0C01 /* BooksListDefinitions.swift in Sources */,
				3920D80426672E2600915B7E /* AppRouter.swift in Sources */,
				391DF4FE266AF78000004CBF /* UserDefaultsWorker.swift in Sources */,
				39CB0BDC2661F0BF009EEE53 /* BookListApiServiceSetup.swift in Sources */,
				39B1D5782669A07D00EA0C01 /* UIImageView+Extension.swift in Sources */,
				391DF514266C227300004CBF /* SubtitleTableViewCell.swift in Sources */,
				39CB0BDE2662B529009EEE53 /* BookListWorker.swift in Sources */,
				39CB0BD92661E964009EEE53 /* BookStoreApiRequest.swift in Sources */,
				391DF504266B2B5300004CBF /* BookDetailViewController.swift in Sources */,
				39B1D5682669420900EA0C01 /* BooksListInteractor.swift in Sources */,
				39B1D5742669888C00EA0C01 /* BooksListItemCollectionViewCell.swift in Sources */,
				391DF51E266C802000004CBF /* Sequence+Extension.swift in Sources */,
				39B1D566266941F600EA0C01 /* BooksListPresenter.swift in Sources */,
			);
			runOnlyForDeploymentPostprocessing = 0;
		};
		39CB0BB12661E628009EEE53 /* Sources */ = {
			isa = PBXSourcesBuildPhase;
			buildActionMask = 2147483647;
			files = (
				391DF521266D88EE00004CBF /* BookDetailInteractorTests.swift in Sources */,
				39CB0BBA2661E628009EEE53 /* BooksListInteractorTests.swift in Sources */,
				391DF523266D8A0F00004CBF /* BookDetailPresenterTests.swift in Sources */,
				391DF4FC266ADB9E00004CBF /* BooksListPresenterTests.swift in Sources */,
			);
			runOnlyForDeploymentPostprocessing = 0;
		};
		39CB0BBC2661E628009EEE53 /* Sources */ = {
			isa = PBXSourcesBuildPhase;
			buildActionMask = 2147483647;
			files = (
				39CB0BC52661E628009EEE53 /* BookStore_ThiagoSantiagoUITests.swift in Sources */,
			);
			runOnlyForDeploymentPostprocessing = 0;
		};
/* End PBXSourcesBuildPhase section */

/* Begin PBXTargetDependency section */
		39CB0BB72661E628009EEE53 /* PBXTargetDependency */ = {
			isa = PBXTargetDependency;
			target = 39CB0B9E2661E626009EEE53 /* BookStore_ThiagoSantiago */;
			targetProxy = 39CB0BB62661E628009EEE53 /* PBXContainerItemProxy */;
		};
		39CB0BC22661E628009EEE53 /* PBXTargetDependency */ = {
			isa = PBXTargetDependency;
			target = 39CB0B9E2661E626009EEE53 /* BookStore_ThiagoSantiago */;
			targetProxy = 39CB0BC12661E628009EEE53 /* PBXContainerItemProxy */;
		};
/* End PBXTargetDependency section */

/* Begin PBXVariantGroup section */
		39CB0BAD2661E628009EEE53 /* LaunchScreen.storyboard */ = {
			isa = PBXVariantGroup;
			children = (
				39CB0BAE2661E628009EEE53 /* Base */,
			);
			name = LaunchScreen.storyboard;
			sourceTree = "<group>";
		};
/* End PBXVariantGroup section */

/* Begin XCBuildConfiguration section */
		39CB0BC72661E628009EEE53 /* Debug */ = {
			isa = XCBuildConfiguration;
			buildSettings = {
				ALWAYS_SEARCH_USER_PATHS = NO;
				CLANG_ANALYZER_NONNULL = YES;
				CLANG_ANALYZER_NUMBER_OBJECT_CONVERSION = YES_AGGRESSIVE;
				CLANG_CXX_LANGUAGE_STANDARD = "gnu++14";
				CLANG_CXX_LIBRARY = "libc++";
				CLANG_ENABLE_MODULES = YES;
				CLANG_ENABLE_OBJC_ARC = YES;
				CLANG_ENABLE_OBJC_WEAK = YES;
				CLANG_WARN_BLOCK_CAPTURE_AUTORELEASING = YES;
				CLANG_WARN_BOOL_CONVERSION = YES;
				CLANG_WARN_COMMA = YES;
				CLANG_WARN_CONSTANT_CONVERSION = YES;
				CLANG_WARN_DEPRECATED_OBJC_IMPLEMENTATIONS = YES;
				CLANG_WARN_DIRECT_OBJC_ISA_USAGE = YES_ERROR;
				CLANG_WARN_DOCUMENTATION_COMMENTS = YES;
				CLANG_WARN_EMPTY_BODY = YES;
				CLANG_WARN_ENUM_CONVERSION = YES;
				CLANG_WARN_INFINITE_RECURSION = YES;
				CLANG_WARN_INT_CONVERSION = YES;
				CLANG_WARN_NON_LITERAL_NULL_CONVERSION = YES;
				CLANG_WARN_OBJC_IMPLICIT_RETAIN_SELF = YES;
				CLANG_WARN_OBJC_LITERAL_CONVERSION = YES;
				CLANG_WARN_OBJC_ROOT_CLASS = YES_ERROR;
				CLANG_WARN_QUOTED_INCLUDE_IN_FRAMEWORK_HEADER = YES;
				CLANG_WARN_RANGE_LOOP_ANALYSIS = YES;
				CLANG_WARN_STRICT_PROTOTYPES = YES;
				CLANG_WARN_SUSPICIOUS_MOVE = YES;
				CLANG_WARN_UNGUARDED_AVAILABILITY = YES_AGGRESSIVE;
				CLANG_WARN_UNREACHABLE_CODE = YES;
				CLANG_WARN__DUPLICATE_METHOD_MATCH = YES;
				COPY_PHASE_STRIP = NO;
				DEBUG_INFORMATION_FORMAT = dwarf;
				ENABLE_STRICT_OBJC_MSGSEND = YES;
				ENABLE_TESTABILITY = YES;
				GCC_C_LANGUAGE_STANDARD = gnu11;
				GCC_DYNAMIC_NO_PIC = NO;
				GCC_NO_COMMON_BLOCKS = YES;
				GCC_OPTIMIZATION_LEVEL = 0;
				GCC_PREPROCESSOR_DEFINITIONS = (
					"DEBUG=1",
					"$(inherited)",
				);
				GCC_WARN_64_TO_32_BIT_CONVERSION = YES;
				GCC_WARN_ABOUT_RETURN_TYPE = YES_ERROR;
				GCC_WARN_UNDECLARED_SELECTOR = YES;
				GCC_WARN_UNINITIALIZED_AUTOS = YES_AGGRESSIVE;
				GCC_WARN_UNUSED_FUNCTION = YES;
				GCC_WARN_UNUSED_VARIABLE = YES;
				IPHONEOS_DEPLOYMENT_TARGET = 14.5;
				MTL_ENABLE_DEBUG_INFO = INCLUDE_SOURCE;
				MTL_FAST_MATH = YES;
				ONLY_ACTIVE_ARCH = YES;
				SDKROOT = iphoneos;
				SWIFT_ACTIVE_COMPILATION_CONDITIONS = DEBUG;
				SWIFT_OPTIMIZATION_LEVEL = "-Onone";
			};
			name = Debug;
		};
		39CB0BC82661E628009EEE53 /* Release */ = {
			isa = XCBuildConfiguration;
			buildSettings = {
				ALWAYS_SEARCH_USER_PATHS = NO;
				CLANG_ANALYZER_NONNULL = YES;
				CLANG_ANALYZER_NUMBER_OBJECT_CONVERSION = YES_AGGRESSIVE;
				CLANG_CXX_LANGUAGE_STANDARD = "gnu++14";
				CLANG_CXX_LIBRARY = "libc++";
				CLANG_ENABLE_MODULES = YES;
				CLANG_ENABLE_OBJC_ARC = YES;
				CLANG_ENABLE_OBJC_WEAK = YES;
				CLANG_WARN_BLOCK_CAPTURE_AUTORELEASING = YES;
				CLANG_WARN_BOOL_CONVERSION = YES;
				CLANG_WARN_COMMA = YES;
				CLANG_WARN_CONSTANT_CONVERSION = YES;
				CLANG_WARN_DEPRECATED_OBJC_IMPLEMENTATIONS = YES;
				CLANG_WARN_DIRECT_OBJC_ISA_USAGE = YES_ERROR;
				CLANG_WARN_DOCUMENTATION_COMMENTS = YES;
				CLANG_WARN_EMPTY_BODY = YES;
				CLANG_WARN_ENUM_CONVERSION = YES;
				CLANG_WARN_INFINITE_RECURSION = YES;
				CLANG_WARN_INT_CONVERSION = YES;
				CLANG_WARN_NON_LITERAL_NULL_CONVERSION = YES;
				CLANG_WARN_OBJC_IMPLICIT_RETAIN_SELF = YES;
				CLANG_WARN_OBJC_LITERAL_CONVERSION = YES;
				CLANG_WARN_OBJC_ROOT_CLASS = YES_ERROR;
				CLANG_WARN_QUOTED_INCLUDE_IN_FRAMEWORK_HEADER = YES;
				CLANG_WARN_RANGE_LOOP_ANALYSIS = YES;
				CLANG_WARN_STRICT_PROTOTYPES = YES;
				CLANG_WARN_SUSPICIOUS_MOVE = YES;
				CLANG_WARN_UNGUARDED_AVAILABILITY = YES_AGGRESSIVE;
				CLANG_WARN_UNREACHABLE_CODE = YES;
				CLANG_WARN__DUPLICATE_METHOD_MATCH = YES;
				COPY_PHASE_STRIP = NO;
				DEBUG_INFORMATION_FORMAT = "dwarf-with-dsym";
				ENABLE_NS_ASSERTIONS = NO;
				ENABLE_STRICT_OBJC_MSGSEND = YES;
				GCC_C_LANGUAGE_STANDARD = gnu11;
				GCC_NO_COMMON_BLOCKS = YES;
				GCC_WARN_64_TO_32_BIT_CONVERSION = YES;
				GCC_WARN_ABOUT_RETURN_TYPE = YES_ERROR;
				GCC_WARN_UNDECLARED_SELECTOR = YES;
				GCC_WARN_UNINITIALIZED_AUTOS = YES_AGGRESSIVE;
				GCC_WARN_UNUSED_FUNCTION = YES;
				GCC_WARN_UNUSED_VARIABLE = YES;
				IPHONEOS_DEPLOYMENT_TARGET = 14.5;
				MTL_ENABLE_DEBUG_INFO = NO;
				MTL_FAST_MATH = YES;
				SDKROOT = iphoneos;
				SWIFT_COMPILATION_MODE = wholemodule;
				SWIFT_OPTIMIZATION_LEVEL = "-O";
				VALIDATE_PRODUCT = YES;
			};
			name = Release;
		};
		39CB0BCA2661E628009EEE53 /* Debug */ = {
			isa = XCBuildConfiguration;
			buildSettings = {
				ASSETCATALOG_COMPILER_APPICON_NAME = AppIcon;
				ASSETCATALOG_COMPILER_GLOBAL_ACCENT_COLOR_NAME = AccentColor;
				CODE_SIGN_STYLE = Automatic;
				DEVELOPMENT_TEAM = C247LTFS54;
				INFOPLIST_FILE = BookStore_ThiagoSantiago/Info.plist;
				LD_RUNPATH_SEARCH_PATHS = (
					"$(inherited)",
					"@executable_path/Frameworks",
				);
				PRODUCT_BUNDLE_IDENTIFIER = "br.com.thiagosantiago.BookStore-ThiagoSantiago";
				PRODUCT_NAME = "$(TARGET_NAME)";
				SWIFT_VERSION = 5.0;
				TARGETED_DEVICE_FAMILY = "1,2";
			};
			name = Debug;
		};
		39CB0BCB2661E628009EEE53 /* Release */ = {
			isa = XCBuildConfiguration;
			buildSettings = {
				ASSETCATALOG_COMPILER_APPICON_NAME = AppIcon;
				ASSETCATALOG_COMPILER_GLOBAL_ACCENT_COLOR_NAME = AccentColor;
				CODE_SIGN_STYLE = Automatic;
				DEVELOPMENT_TEAM = C247LTFS54;
				INFOPLIST_FILE = BookStore_ThiagoSantiago/Info.plist;
				LD_RUNPATH_SEARCH_PATHS = (
					"$(inherited)",
					"@executable_path/Frameworks",
				);
				PRODUCT_BUNDLE_IDENTIFIER = "br.com.thiagosantiago.BookStore-ThiagoSantiago";
				PRODUCT_NAME = "$(TARGET_NAME)";
				SWIFT_VERSION = 5.0;
				TARGETED_DEVICE_FAMILY = "1,2";
			};
			name = Release;
		};
		39CB0BCD2661E628009EEE53 /* Debug */ = {
			isa = XCBuildConfiguration;
			buildSettings = {
				ALWAYS_EMBED_SWIFT_STANDARD_LIBRARIES = YES;
				BUNDLE_LOADER = "$(TEST_HOST)";
				CODE_SIGN_STYLE = Automatic;
				DEVELOPMENT_TEAM = C247LTFS54;
				INFOPLIST_FILE = BookStore_ThiagoSantiagoTests/Info.plist;
				IPHONEOS_DEPLOYMENT_TARGET = 14.5;
				LD_RUNPATH_SEARCH_PATHS = (
					"$(inherited)",
					"@executable_path/Frameworks",
					"@loader_path/Frameworks",
				);
				PRODUCT_BUNDLE_IDENTIFIER = "br.com.thiagosantiago.BookStore-ThiagoSantiagoTests";
				PRODUCT_NAME = "$(TARGET_NAME)";
				SWIFT_VERSION = 5.0;
				TARGETED_DEVICE_FAMILY = "1,2";
				TEST_HOST = "$(BUILT_PRODUCTS_DIR)/BookStore_ThiagoSantiago.app/BookStore_ThiagoSantiago";
			};
			name = Debug;
		};
		39CB0BCE2661E628009EEE53 /* Release */ = {
			isa = XCBuildConfiguration;
			buildSettings = {
				ALWAYS_EMBED_SWIFT_STANDARD_LIBRARIES = YES;
				BUNDLE_LOADER = "$(TEST_HOST)";
				CODE_SIGN_STYLE = Automatic;
				DEVELOPMENT_TEAM = C247LTFS54;
				INFOPLIST_FILE = BookStore_ThiagoSantiagoTests/Info.plist;
				IPHONEOS_DEPLOYMENT_TARGET = 14.5;
				LD_RUNPATH_SEARCH_PATHS = (
					"$(inherited)",
					"@executable_path/Frameworks",
					"@loader_path/Frameworks",
				);
				PRODUCT_BUNDLE_IDENTIFIER = "br.com.thiagosantiago.BookStore-ThiagoSantiagoTests";
				PRODUCT_NAME = "$(TARGET_NAME)";
				SWIFT_VERSION = 5.0;
				TARGETED_DEVICE_FAMILY = "1,2";
				TEST_HOST = "$(BUILT_PRODUCTS_DIR)/BookStore_ThiagoSantiago.app/BookStore_ThiagoSantiago";
			};
			name = Release;
		};
		39CB0BD02661E628009EEE53 /* Debug */ = {
			isa = XCBuildConfiguration;
			buildSettings = {
				ALWAYS_EMBED_SWIFT_STANDARD_LIBRARIES = YES;
				CODE_SIGN_STYLE = Automatic;
				DEVELOPMENT_TEAM = C247LTFS54;
				INFOPLIST_FILE = BookStore_ThiagoSantiagoUITests/Info.plist;
				LD_RUNPATH_SEARCH_PATHS = (
					"$(inherited)",
					"@executable_path/Frameworks",
					"@loader_path/Frameworks",
				);
				PRODUCT_BUNDLE_IDENTIFIER = "br.com.thiagosantiago.BookStore-ThiagoSantiagoUITests";
				PRODUCT_NAME = "$(TARGET_NAME)";
				SWIFT_VERSION = 5.0;
				TARGETED_DEVICE_FAMILY = "1,2";
				TEST_TARGET_NAME = BookStore_ThiagoSantiago;
			};
			name = Debug;
		};
		39CB0BD12661E628009EEE53 /* Release */ = {
			isa = XCBuildConfiguration;
			buildSettings = {
				ALWAYS_EMBED_SWIFT_STANDARD_LIBRARIES = YES;
				CODE_SIGN_STYLE = Automatic;
				DEVELOPMENT_TEAM = C247LTFS54;
				INFOPLIST_FILE = BookStore_ThiagoSantiagoUITests/Info.plist;
				LD_RUNPATH_SEARCH_PATHS = (
					"$(inherited)",
					"@executable_path/Frameworks",
					"@loader_path/Frameworks",
				);
				PRODUCT_BUNDLE_IDENTIFIER = "br.com.thiagosantiago.BookStore-ThiagoSantiagoUITests";
				PRODUCT_NAME = "$(TARGET_NAME)";
				SWIFT_VERSION = 5.0;
				TARGETED_DEVICE_FAMILY = "1,2";
				TEST_TARGET_NAME = BookStore_ThiagoSantiago;
			};
			name = Release;
		};
/* End XCBuildConfiguration section */

/* Begin XCConfigurationList section */
		39CB0B9A2661E626009EEE53 /* Build configuration list for PBXProject "BookStore_ThiagoSantiago" */ = {
			isa = XCConfigurationList;
			buildConfigurations = (
				39CB0BC72661E628009EEE53 /* Debug */,
				39CB0BC82661E628009EEE53 /* Release */,
			);
			defaultConfigurationIsVisible = 0;
			defaultConfigurationName = Release;
		};
		39CB0BC92661E628009EEE53 /* Build configuration list for PBXNativeTarget "BookStore_ThiagoSantiago" */ = {
			isa = XCConfigurationList;
			buildConfigurations = (
				39CB0BCA2661E628009EEE53 /* Debug */,
				39CB0BCB2661E628009EEE53 /* Release */,
			);
			defaultConfigurationIsVisible = 0;
			defaultConfigurationName = Release;
		};
		39CB0BCC2661E628009EEE53 /* Build configuration list for PBXNativeTarget "BookStore_ThiagoSantiagoTests" */ = {
			isa = XCConfigurationList;
			buildConfigurations = (
				39CB0BCD2661E628009EEE53 /* Debug */,
				39CB0BCE2661E628009EEE53 /* Release */,
			);
			defaultConfigurationIsVisible = 0;
			defaultConfigurationName = Release;
		};
		39CB0BCF2661E628009EEE53 /* Build configuration list for PBXNativeTarget "BookStore_ThiagoSantiagoUITests" */ = {
			isa = XCConfigurationList;
			buildConfigurations = (
				39CB0BD02661E628009EEE53 /* Debug */,
				39CB0BD12661E628009EEE53 /* Release */,
			);
			defaultConfigurationIsVisible = 0;
			defaultConfigurationName = Release;
		};
/* End XCConfigurationList section */
	};
	rootObject = 39CB0B972661E626009EEE53 /* Project object */;
}
